// !$*UTF8*$!
{
	archiveVersion = 1;
	classes = {
	};
	objectVersion = 56;
	objects = {

/* Begin PBXBuildFile section */
		9D0FC4CC2A23837700FF3D2F /* Magic_ValuesApp.swift in Sources */ = {isa = PBXBuildFile; fileRef = 9D0FC4CB2A23837700FF3D2F /* Magic_ValuesApp.swift */; };
		9D0FC4CE2A23837700FF3D2F /* BadView.swift in Sources */ = {isa = PBXBuildFile; fileRef = 9D0FC4CD2A23837700FF3D2F /* BadView.swift */; };
		9D0FC4D02A23837800FF3D2F /* Assets.xcassets in Resources */ = {isa = PBXBuildFile; fileRef = 9D0FC4CF2A23837800FF3D2F /* Assets.xcassets */; };
		9D0FC4D32A23837800FF3D2F /* Preview Assets.xcassets in Resources */ = {isa = PBXBuildFile; fileRef = 9D0FC4D22A23837800FF3D2F /* Preview Assets.xcassets */; };
		9D0FC4DC2A23861300FF3D2F /* GoodView.swift in Sources */ = {isa = PBXBuildFile; fileRef = 9D0FC4DB2A23861300FF3D2F /* GoodView.swift */; };
		9D0FC4DE2A23861B00FF3D2F /* Assets.swift in Sources */ = {isa = PBXBuildFile; fileRef = 9D0FC4DD2A23861B00FF3D2F /* Assets.swift */; };
		9D0FC4E02A238EAB00FF3D2F /* RootView.swift in Sources */ = {isa = PBXBuildFile; fileRef = 9D0FC4DF2A238EAB00FF3D2F /* RootView.swift */; };
/* End PBXBuildFile section */

/* Begin PBXFileReference section */
		9D0FC4C82A23837700FF3D2F /* Magic Values.app */ = {isa = PBXFileReference; explicitFileType = wrapper.application; includeInIndex = 0; path = "Magic Values.app"; sourceTree = BUILT_PRODUCTS_DIR; };
		9D0FC4CB2A23837700FF3D2F /* Magic_ValuesApp.swift */ = {isa = PBXFileReference; lastKnownFileType = sourcecode.swift; path = Magic_ValuesApp.swift; sourceTree = "<group>"; };
		9D0FC4CD2A23837700FF3D2F /* BadView.swift */ = {isa = PBXFileReference; lastKnownFileType = sourcecode.swift; path = BadView.swift; sourceTree = "<group>"; };
		9D0FC4CF2A23837800FF3D2F /* Assets.xcassets */ = {isa = PBXFileReference; lastKnownFileType = folder.assetcatalog; path = Assets.xcassets; sourceTree = "<group>"; };
		9D0FC4D22A23837800FF3D2F /* Preview Assets.xcassets */ = {isa = PBXFileReference; lastKnownFileType = folder.assetcatalog; path = "Preview Assets.xcassets"; sourceTree = "<group>"; };
		9D0FC4DB2A23861300FF3D2F /* GoodView.swift */ = {isa = PBXFileReference; lastKnownFileType = sourcecode.swift; path = GoodView.swift; sourceTree = "<group>"; };
		9D0FC4DD2A23861B00FF3D2F /* Assets.swift */ = {isa = PBXFileReference; lastKnownFileType = sourcecode.swift; path = Assets.swift; sourceTree = "<group>"; };
		9D0FC4DF2A238EAB00FF3D2F /* RootView.swift */ = {isa = PBXFileReference; lastKnownFileType = sourcecode.swift; path = RootView.swift; sourceTree = "<group>"; };
/* End PBXFileReference section */

/* Begin PBXFrameworksBuildPhase section */
		9D0FC4C52A23837700FF3D2F /* Frameworks */ = {
			isa = PBXFrameworksBuildPhase;
			buildActionMask = 2147483647;
			files = (
			);
			runOnlyForDeploymentPostprocessing = 0;
		};
/* End PBXFrameworksBuildPhase section */

/* Begin PBXGroup section */
		9D0FC4BF2A23837700FF3D2F = {
			isa = PBXGroup;
			children = (
				9D0FC4CA2A23837700FF3D2F /* Magic Values */,
				9D0FC4C92A23837700FF3D2F /* Products */,
			);
			sourceTree = "<group>";
		};
		9D0FC4C92A23837700FF3D2F /* Products */ = {
			isa = PBXGroup;
			children = (
				9D0FC4C82A23837700FF3D2F /* Magic Values.app */,
			);
			name = Products;
			sourceTree = "<group>";
		};
		9D0FC4CA2A23837700FF3D2F /* Magic Values */ = {
			isa = PBXGroup;
			children = (
				9D0FC4CB2A23837700FF3D2F /* Magic_ValuesApp.swift */,
				9D0FC4DF2A238EAB00FF3D2F /* RootView.swift */,
				9D0FC4D92A23837E00FF3D2F /* Bad Practice */,
				9D0FC4DA2A23838800FF3D2F /* Good Practice */,
				9D0FC4CF2A23837800FF3D2F /* Assets.xcassets */,
				9D0FC4D12A23837800FF3D2F /* Preview Content */,
			);
			path = "Magic Values";
			sourceTree = "<group>";
		};
		9D0FC4D12A23837800FF3D2F /* Preview Content */ = {
			isa = PBXGroup;
			children = (
				9D0FC4D22A23837800FF3D2F /* Preview Assets.xcassets */,
			);
			path = "Preview Content";
			sourceTree = "<group>";
		};
		9D0FC4D92A23837E00FF3D2F /* Bad Practice */ = {
			isa = PBXGroup;
			children = (
				9D0FC4CD2A23837700FF3D2F /* BadView.swift */,
			);
			path = "Bad Practice";
			sourceTree = "<group>";
		};
		9D0FC4DA2A23838800FF3D2F /* Good Practice */ = {
			isa = PBXGroup;
			children = (
				9D0FC4DB2A23861300FF3D2F /* GoodView.swift */,
				9D0FC4DD2A23861B00FF3D2F /* Assets.swift */,
			);
			path = "Good Practice";
			sourceTree = "<group>";
		};
/* End PBXGroup section */

/* Begin PBXNativeTarget section */
		9D0FC4C72A23837700FF3D2F /* Magic Values */ = {
			isa = PBXNativeTarget;
			buildConfigurationList = 9D0FC4D62A23837800FF3D2F /* Build configuration list for PBXNativeTarget "Magic Values" */;
			buildPhases = (
				9D0FC4C42A23837700FF3D2F /* Sources */,
				9D0FC4C52A23837700FF3D2F /* Frameworks */,
				9D0FC4C62A23837700FF3D2F /* Resources */,
			);
			buildRules = (
			);
			dependencies = (
			);
			name = "Magic Values";
			productName = "Magic Values";
			productReference = 9D0FC4C82A23837700FF3D2F /* Magic Values.app */;
			productType = "com.apple.product-type.application";
		};
/* End PBXNativeTarget section */

/* Begin PBXProject section */
		9D0FC4C02A23837700FF3D2F /* Project object */ = {
			isa = PBXProject;
			attributes = {
				BuildIndependentTargetsInParallel = 1;
				LastSwiftUpdateCheck = 1430;
				LastUpgradeCheck = 1430;
				TargetAttributes = {
					9D0FC4C72A23837700FF3D2F = {
						CreatedOnToolsVersion = 14.3.1;
					};
				};
			};
			buildConfigurationList = 9D0FC4C32A23837700FF3D2F /* Build configuration list for PBXProject "Magic Values" */;
			compatibilityVersion = "Xcode 14.0";
			developmentRegion = en;
			hasScannedForEncodings = 0;
			knownRegions = (
				en,
				Base,
			);
			mainGroup = 9D0FC4BF2A23837700FF3D2F;
			productRefGroup = 9D0FC4C92A23837700FF3D2F /* Products */;
			projectDirPath = "";
			projectRoot = "";
			targets = (
				9D0FC4C72A23837700FF3D2F /* Magic Values */,
			);
		};
/* End PBXProject section */

/* Begin PBXResourcesBuildPhase section */
		9D0FC4C62A23837700FF3D2F /* Resources */ = {
			isa = PBXResourcesBuildPhase;
			buildActionMask = 2147483647;
			files = (
				9D0FC4D32A23837800FF3D2F /* Preview Assets.xcassets in Resources */,
				9D0FC4D02A23837800FF3D2F /* Assets.xcassets in Resources */,
			);
			runOnlyForDeploymentPostprocessing = 0;
		};
/* End PBXResourcesBuildPhase section */

/* Begin PBXSourcesBuildPhase section */
		9D0FC4C42A23837700FF3D2F /* Sources */ = {
			isa = PBXSourcesBuildPhase;
			buildActionMask = 2147483647;
			files = (
				9D0FC4DC2A23861300FF3D2F /* GoodView.swift in Sources */,
				9D0FC4CE2A23837700FF3D2F /* BadView.swift in Sources */,
				9D0FC4DE2A23861B00FF3D2F /* Assets.swift in Sources */,
				9D0FC4CC2A23837700FF3D2F /* Magic_ValuesApp.swift in Sources */,
				9D0FC4E02A238EAB00FF3D2F /* RootView.swift in Sources */,
			);
			runOnlyForDeploymentPostprocessing = 0;
		};
/* End PBXSourcesBuildPhase section */

/* Begin XCBuildConfiguration section */
		9D0FC4D42A23837800FF3D2F /* Debug */ = {
			isa = XCBuildConfiguration;
			buildSettings = {
				ALWAYS_SEARCH_USER_PATHS = NO;
				CLANG_ANALYZER_NONNULL = YES;
				CLANG_ANALYZER_NUMBER_OBJECT_CONVERSION = YES_AGGRESSIVE;
				CLANG_CXX_LANGUAGE_STANDARD = "gnu++20";
				CLANG_ENABLE_MODULES = YES;
				CLANG_ENABLE_OBJC_ARC = YES;
				CLANG_ENABLE_OBJC_WEAK = YES;
				CLANG_WARN_BLOCK_CAPTURE_AUTORELEASING = YES;
				CLANG_WARN_BOOL_CONVERSION = YES;
				CLANG_WARN_COMMA = YES;
				CLANG_WARN_CONSTANT_CONVERSION = YES;
				CLANG_WARN_DEPRECATED_OBJC_IMPLEMENTATIONS = YES;
				CLANG_WARN_DIRECT_OBJC_ISA_USAGE = YES_ERROR;
				CLANG_WARN_DOCUMENTATION_COMMENTS = YES;
				CLANG_WARN_EMPTY_BODY = YES;
				CLANG_WARN_ENUM_CONVERSION = YES;
				CLANG_WARN_INFINITE_RECURSION = YES;
				CLANG_WARN_INT_CONVERSION = YES;
				CLANG_WARN_NON_LITERAL_NULL_CONVERSION = YES;
				CLANG_WARN_OBJC_IMPLICIT_RETAIN_SELF = YES;
				CLANG_WARN_OBJC_LITERAL_CONVERSION = YES;
				CLANG_WARN_OBJC_ROOT_CLASS = YES_ERROR;
				CLANG_WARN_QUOTED_INCLUDE_IN_FRAMEWORK_HEADER = YES;
				CLANG_WARN_RANGE_LOOP_ANALYSIS = YES;
				CLANG_WARN_STRICT_PROTOTYPES = YES;
				CLANG_WARN_SUSPICIOUS_MOVE = YES;
				CLANG_WARN_UNGUARDED_AVAILABILITY = YES_AGGRESSIVE;
				CLANG_WARN_UNREACHABLE_CODE = YES;
				CLANG_WARN__DUPLICATE_METHOD_MATCH = YES;
				COPY_PHASE_STRIP = NO;
				DEBUG_INFORMATION_FORMAT = dwarf;
				ENABLE_STRICT_OBJC_MSGSEND = YES;
				ENABLE_TESTABILITY = YES;
				GCC_C_LANGUAGE_STANDARD = gnu11;
				GCC_DYNAMIC_NO_PIC = NO;
				GCC_NO_COMMON_BLOCKS = YES;
				GCC_OPTIMIZATION_LEVEL = 0;
				GCC_PREPROCESSOR_DEFINITIONS = (
					"DEBUG=1",
					"$(inherited)",
				);
				GCC_WARN_64_TO_32_BIT_CONVERSION = YES;
				GCC_WARN_ABOUT_RETURN_TYPE = YES_ERROR;
				GCC_WARN_UNDECLARED_SELECTOR = YES;
				GCC_WARN_UNINITIALIZED_AUTOS = YES_AGGRESSIVE;
				GCC_WARN_UNUSED_FUNCTION = YES;
				GCC_WARN_UNUSED_VARIABLE = YES;
				IPHONEOS_DEPLOYMENT_TARGET = 16.4;
				MTL_ENABLE_DEBUG_INFO = INCLUDE_SOURCE;
				MTL_FAST_MATH = YES;
				ONLY_ACTIVE_ARCH = YES;
				SDKROOT = iphoneos;
				SWIFT_ACTIVE_COMPILATION_CONDITIONS = DEBUG;
				SWIFT_OPTIMIZATION_LEVEL = "-Onone";
			};
			name = Debug;
		};
		9D0FC4D52A23837800FF3D2F /* Release */ = {
			isa = XCBuildConfiguration;
			buildSettings = {
				ALWAYS_SEARCH_USER_PATHS = NO;
				CLANG_ANALYZER_NONNULL = YES;
				CLANG_ANALYZER_NUMBER_OBJECT_CONVERSION = YES_AGGRESSIVE;
				CLANG_CXX_LANGUAGE_STANDARD = "gnu++20";
				CLANG_ENABLE_MODULES = YES;
				CLANG_ENABLE_OBJC_ARC = YES;
				CLANG_ENABLE_OBJC_WEAK = YES;
				CLANG_WARN_BLOCK_CAPTURE_AUTORELEASING = YES;
				CLANG_WARN_BOOL_CONVERSION = YES;
				CLANG_WARN_COMMA = YES;
				CLANG_WARN_CONSTANT_CONVERSION = YES;
				CLANG_WARN_DEPRECATED_OBJC_IMPLEMENTATIONS = YES;
				CLANG_WARN_DIRECT_OBJC_ISA_USAGE = YES_ERROR;
				CLANG_WARN_DOCUMENTATION_COMMENTS = YES;
				CLANG_WARN_EMPTY_BODY = YES;
				CLANG_WARN_ENUM_CONVERSION = YES;
				CLANG_WARN_INFINITE_RECURSION = YES;
				CLANG_WARN_INT_CONVERSION = YES;
				CLANG_WARN_NON_LITERAL_NULL_CONVERSION = YES;
				CLANG_WARN_OBJC_IMPLICIT_RETAIN_SELF = YES;
				CLANG_WARN_OBJC_LITERAL_CONVERSION = YES;
				CLANG_WARN_OBJC_ROOT_CLASS = YES_ERROR;
				CLANG_WARN_QUOTED_INCLUDE_IN_FRAMEWORK_HEADER = YES;
				CLANG_WARN_RANGE_LOOP_ANALYSIS = YES;
				CLANG_WARN_STRICT_PROTOTYPES = YES;
				CLANG_WARN_SUSPICIOUS_MOVE = YES;
				CLANG_WARN_UNGUARDED_AVAILABILITY = YES_AGGRESSIVE;
				CLANG_WARN_UNREACHABLE_CODE = YES;
				CLANG_WARN__DUPLICATE_METHOD_MATCH = YES;
				COPY_PHASE_STRIP = NO;
				DEBUG_INFORMATION_FORMAT = "dwarf-with-dsym";
				ENABLE_NS_ASSERTIONS = NO;
				ENABLE_STRICT_OBJC_MSGSEND = YES;
				GCC_C_LANGUAGE_STANDARD = gnu11;
				GCC_NO_COMMON_BLOCKS = YES;
				GCC_WARN_64_TO_32_BIT_CONVERSION = YES;
				GCC_WARN_ABOUT_RETURN_TYPE = YES_ERROR;
				GCC_WARN_UNDECLARED_SELECTOR = YES;
				GCC_WARN_UNINITIALIZED_AUTOS = YES_AGGRESSIVE;
				GCC_WARN_UNUSED_FUNCTION = YES;
				GCC_WARN_UNUSED_VARIABLE = YES;
				IPHONEOS_DEPLOYMENT_TARGET = 16.4;
				MTL_ENABLE_DEBUG_INFO = NO;
				MTL_FAST_MATH = YES;
				SDKROOT = iphoneos;
				SWIFT_COMPILATION_MODE = wholemodule;
				SWIFT_OPTIMIZATION_LEVEL = "-O";
				VALIDATE_PRODUCT = YES;
			};
			name = Release;
		};
		9D0FC4D72A23837800FF3D2F /* Debug */ = {
			isa = XCBuildConfiguration;
			buildSettings = {
				ASSETCATALOG_COMPILER_APPICON_NAME = AppIcon;
				ASSETCATALOG_COMPILER_GLOBAL_ACCENT_COLOR_NAME = AccentColor;
				CODE_SIGN_STYLE = Automatic;
				CURRENT_PROJECT_VERSION = 1;
				DEVELOPMENT_ASSET_PATHS = "\"Magic Values/Preview Content\"";
				DEVELOPMENT_TEAM = RKA7R98LN8;
				ENABLE_PREVIEWS = YES;
				GENERATE_INFOPLIST_FILE = YES;
				INFOPLIST_KEY_UIApplicationSceneManifest_Generation = YES;
				INFOPLIST_KEY_UIApplicationSupportsIndirectInputEvents = YES;
				INFOPLIST_KEY_UILaunchScreen_Generation = YES;
				INFOPLIST_KEY_UISupportedInterfaceOrientations_iPad = "UIInterfaceOrientationPortrait UIInterfaceOrientationPortraitUpsideDown UIInterfaceOrientationLandscapeLeft UIInterfaceOrientationLandscapeRight";
				INFOPLIST_KEY_UISupportedInterfaceOrientations_iPhone = "UIInterfaceOrientationPortrait UIInterfaceOrientationLandscapeLeft UIInterfaceOrientationLandscapeRight";
				LD_RUNPATH_SEARCH_PATHS = (
					"$(inherited)",
					"@executable_path/Frameworks",
				);
				MARKETING_VERSION = 1.0;
				PRODUCT_BUNDLE_IDENTIFIER = "tr.com.egesucu.Magic-Values";
				PRODUCT_NAME = "$(TARGET_NAME)";
				SWIFT_EMIT_LOC_STRINGS = YES;
				SWIFT_VERSION = 5.0;
				TARGETED_DEVICE_FAMILY = "1,2";
			};
			name = Debug;
		};
		9D0FC4D82A23837800FF3D2F /* Release */ = {
			isa = XCBuildConfiguration;
			buildSettings = {
				ASSETCATALOG_COMPILER_APPICON_NAME = AppIcon;
				ASSETCATALOG_COMPILER_GLOBAL_ACCENT_COLOR_NAME = AccentColor;
				CODE_SIGN_STYLE = Automatic;
				CURRENT_PROJECT_VERSION = 1;
				DEVELOPMENT_ASSET_PATHS = "\"Magic Values/Preview Content\"";
				DEVELOPMENT_TEAM = RKA7R98LN8;
				ENABLE_PREVIEWS = YES;
				GENERATE_INFOPLIST_FILE = YES;
				INFOPLIST_KEY_UIApplicationSceneManifest_Generation = YES;
				INFOPLIST_KEY_UIApplicationSupportsIndirectInputEvents = YES;
				INFOPLIST_KEY_UILaunchScreen_Generation = YES;
				INFOPLIST_KEY_UISupportedInterfaceOrientations_iPad = "UIInterfaceOrientationPortrait UIInterfaceOrientationPortraitUpsideDown UIInterfaceOrientationLandscapeLeft UIInterfaceOrientationLandscapeRight";
				INFOPLIST_KEY_UISupportedInterfaceOrientations_iPhone = "UIInterfaceOrientationPortrait UIInterfaceOrientationLandscapeLeft UIInterfaceOrientationLandscapeRight";
				LD_RUNPATH_SEARCH_PATHS = (
					"$(inherited)",
					"@executable_path/Frameworks",
				);
				MARKETING_VERSION = 1.0;
				PRODUCT_BUNDLE_IDENTIFIER = "tr.com.egesucu.Magic-Values";
				PRODUCT_NAME = "$(TARGET_NAME)";
				SWIFT_EMIT_LOC_STRINGS = YES;
				SWIFT_VERSION = 5.0;
				TARGETED_DEVICE_FAMILY = "1,2";
			};
			name = Release;
		};
/* End XCBuildConfiguration section */

/* Begin XCConfigurationList section */
		9D0FC4C32A23837700FF3D2F /* Build configuration list for PBXProject "Magic Values" */ = {
			isa = XCConfigurationList;
			buildConfigurations = (
				9D0FC4D42A23837800FF3D2F /* Debug */,
				9D0FC4D52A23837800FF3D2F /* Release */,
			);
			defaultConfigurationIsVisible = 0;
			defaultConfigurationName = Release;
		};
		9D0FC4D62A23837800FF3D2F /* Build configuration list for PBXNativeTarget "Magic Values" */ = {
			isa = XCConfigurationList;
			buildConfigurations = (
				9D0FC4D72A23837800FF3D2F /* Debug */,
				9D0FC4D82A23837800FF3D2F /* Release */,
			);
			defaultConfigurationIsVisible = 0;
			defaultConfigurationName = Release;
		};
/* End XCConfigurationList section */
	};
	rootObject = 9D0FC4C02A23837700FF3D2F /* Project object */;
}
